{
  "lib/aave-v3-core": {
    "tag": {
      "name": "v1.19.4",
      "rev": "b74526a7bc67a3a117a1963fc871b3eb8cea8435"
    }
  },
  "lib/aave-v3-periphery": {
    "tag": {
      "name": "v3.0.1",
      "rev": "72fdcca18838c2f4e05ecd25bbfb44f0db5383f7"
    }
  },
  "lib/erc4626-tests": {
    "tag": {
      "name": "v0.1.1",
      "rev": "232ff9ba8194e406967f52ecc5cb52ed764209e9"
    }
  },
  "lib/forge-std": {
    "rev": "8bbcf6e3f8f62f419e5429a0bd89331c85c37824"
  },
  "lib/hookmate": {
    "rev": "33408fbc15e083eb0bc4205fa37cb6ba0a926f44"
  },
  "lib/openzeppelin-contracts-upgradeable": {
    "rev": "e725abddf1e01cf05ace496e950fc8e243cc7cab"
  },
  "lib/uniswap-hooks": {
    "rev": "e59fe72c110c3862eec9b332530dce49ca506bbb"
  }
}